
Microsoft Visual Studio Solution File, Format Version 12.00
Project("{FAE04EC0-301F-11D3-BF4B-00C04F79EFBC}") = "Grind", "Grind\Grind.csproj", "{6C25A03E-46E9-4224-8694-AF0833A9D343}"
EndProject
Global
	GlobalSection(SolutionConfigurationPlatforms) = preSolution
		Debug|Any CPU = Debug|Any CPU
		Release|Any CPU = Release|Any CPU
	EndGlobalSection
	GlobalSection(ProjectConfigurationPlatforms) = postSolution
		{6C25A03E-46E9-4224-8694-AF0833A9D343}.Debug|Any CPU.ActiveCfg = Debug|Any CPU
		{6C25A03E-46E9-4224-8694-AF0833A9D343}.Debug|Any CPU.Build.0 = Debug|Any CPU
		{6C25A03E-46E9-4224-8694-AF0833A9D343}.Release|Any CPU.ActiveCfg = Release|Any CPU
		{6C25A03E-46E9-4224-8694-AF0833A9D343}.Release|Any CPU.Build.0 = Release|Any CPU
	EndGlobalSection
EndGlobal
